// !$*UTF8*$!
{
	archiveVersion = 1;
	classes = {
	};
	objectVersion = 46;
	objects = {

/* Begin PBXBuildFile section */
		108675281CE4B39B0017CDF7 /* Person.m in Sources */ = {isa = PBXBuildFile; fileRef = 108675271CE4B39B0017CDF7 /* Person.m */; };
		10CFE23E1CE21580004E3B93 /* main.m in Sources */ = {isa = PBXBuildFile; fileRef = 10CFE23D1CE21580004E3B93 /* main.m */; };
		10CFE2411CE21580004E3B93 /* AppDelegate.m in Sources */ = {isa = PBXBuildFile; fileRef = 10CFE2401CE21580004E3B93 /* AppDelegate.m */; };
		10CFE2441CE21580004E3B93 /* ViewController.m in Sources */ = {isa = PBXBuildFile; fileRef = 10CFE2431CE21580004E3B93 /* ViewController.m */; };
		10CFE2471CE21580004E3B93 /* Main.storyboard in Resources */ = {isa = PBXBuildFile; fileRef = 10CFE2451CE21580004E3B93 /* Main.storyboard */; };
		10CFE2491CE21580004E3B93 /* Assets.xcassets in Resources */ = {isa = PBXBuildFile; fileRef = 10CFE2481CE21580004E3B93 /* Assets.xcassets */; };
		10CFE24C1CE21580004E3B93 /* LaunchScreen.storyboard in Resources */ = {isa = PBXBuildFile; fileRef = 10CFE24A1CE21580004E3B93 /* LaunchScreen.storyboard */; };
/* End PBXBuildFile section */

/* Begin PBXFileReference section */
		108675261CE4B39B0017CDF7 /* Person.h */ = {isa = PBXFileReference; fileEncoding = 4; lastKnownFileType = sourcecode.c.h; name = Person.h; path = ../Person.h; sourceTree = "<group>"; };
		108675271CE4B39B0017CDF7 /* Person.m */ = {isa = PBXFileReference; fileEncoding = 4; lastKnownFileType = sourcecode.c.objc; name = Person.m; path = ../Person.m; sourceTree = "<group>"; };
		10CFE2391CE21580004E3B93 /* functionsObj_C.app */ = {isa = PBXFileReference; explicitFileType = wrapper.application; includeInIndex = 0; path = functionsObj_C.app; sourceTree = BUILT_PRODUCTS_DIR; };
		10CFE23D1CE21580004E3B93 /* main.m */ = {isa = PBXFileReference; lastKnownFileType = sourcecode.c.objc; path = main.m; sourceTree = "<group>"; };
		10CFE23F1CE21580004E3B93 /* AppDelegate.h */ = {isa = PBXFileReference; lastKnownFileType = sourcecode.c.h; path = AppDelegate.h; sourceTree = "<group>"; };
		10CFE2401CE21580004E3B93 /* AppDelegate.m */ = {isa = PBXFileReference; lastKnownFileType = sourcecode.c.objc; path = AppDelegate.m; sourceTree = "<group>"; };
		10CFE2421CE21580004E3B93 /* ViewController.h */ = {isa = PBXFileReference; lastKnownFileType = sourcecode.c.h; path = ViewController.h; sourceTree = "<group>"; };
		10CFE2431CE21580004E3B93 /* ViewController.m */ = {isa = PBXFileReference; lastKnownFileType = sourcecode.c.objc; path = ViewController.m; sourceTree = "<group>"; };
		10CFE2461CE21580004E3B93 /* Base */ = {isa = PBXFileReference; lastKnownFileType = file.storyboard; name = Base; path = Base.lproj/Main.storyboard; sourceTree = "<group>"; };
		10CFE2481CE21580004E3B93 /* Assets.xcassets */ = {isa = PBXFileReference; lastKnownFileType = folder.assetcatalog; path = Assets.xcassets; sourceTree = "<group>"; };
		10CFE24B1CE21580004E3B93 /* Base */ = {isa = PBXFileReference; lastKnownFileType = file.storyboard; name = Base; path = Base.lproj/LaunchScreen.storyboard; sourceTree = "<group>"; };
		10CFE24D1CE21580004E3B93 /* Info.plist */ = {isa = PBXFileReference; lastKnownFileType = text.plist.xml; path = Info.plist; sourceTree = "<group>"; };
/* End PBXFileReference section */

/* Begin PBXFrameworksBuildPhase section */
		10CFE2361CE21580004E3B93 /* Frameworks */ = {
			isa = PBXFrameworksBuildPhase;
			buildActionMask = 2147483647;
			files = (
			);
			runOnlyForDeploymentPostprocessing = 0;
		};
/* End PBXFrameworksBuildPhase section */

/* Begin PBXGroup section */
		10CFE2301CE21580004E3B93 = {
			isa = PBXGroup;
			children = (
				10CFE23B1CE21580004E3B93 /* functionsObj_C */,
				10CFE23A1CE21580004E3B93 /* Products */,
			);
			sourceTree = "<group>";
		};
		10CFE23A1CE21580004E3B93 /* Products */ = {
			isa = PBXGroup;
			children = (
				10CFE2391CE21580004E3B93 /* functionsObj_C.app */,
			);
			name = Products;
			sourceTree = "<group>";
		};
		10CFE23B1CE21580004E3B93 /* functionsObj_C */ = {
			isa = PBXGroup;
			children = (
				10CFE23F1CE21580004E3B93 /* AppDelegate.h */,
				10CFE2401CE21580004E3B93 /* AppDelegate.m */,
				10CFE2421CE21580004E3B93 /* ViewController.h */,
				10CFE2431CE21580004E3B93 /* ViewController.m */,
				10CFE2451CE21580004E3B93 /* Main.storyboard */,
				10CFE2481CE21580004E3B93 /* Assets.xcassets */,
				10CFE24A1CE21580004E3B93 /* LaunchScreen.storyboard */,
				10CFE24D1CE21580004E3B93 /* Info.plist */,
				10CFE23C1CE21580004E3B93 /* Supporting Files */,
			);
			path = functionsObj_C;
			sourceTree = "<group>";
		};
		10CFE23C1CE21580004E3B93 /* Supporting Files */ = {
			isa = PBXGroup;
			children = (
				108675261CE4B39B0017CDF7 /* Person.h */,
				108675271CE4B39B0017CDF7 /* Person.m */,
				10CFE23D1CE21580004E3B93 /* main.m */,
			);
			name = "Supporting Files";
			sourceTree = "<group>";
		};
/* End PBXGroup section */

/* Begin PBXNativeTarget section */
		10CFE2381CE21580004E3B93 /* functionsObj_C */ = {
			isa = PBXNativeTarget;
			buildConfigurationList = 10CFE2501CE21580004E3B93 /* Build configuration list for PBXNativeTarget "functionsObj_C" */;
			buildPhases = (
				10CFE2351CE21580004E3B93 /* Sources */,
				10CFE2361CE21580004E3B93 /* Frameworks */,
				10CFE2371CE21580004E3B93 /* Resources */,
			);
			buildRules = (
			);
			dependencies = (
			);
			name = functionsObj_C;
			productName = functionsObj_C;
			productReference = 10CFE2391CE21580004E3B93 /* functionsObj_C.app */;
			productType = "com.apple.product-type.application";
		};
/* End PBXNativeTarget section */

/* Begin PBXProject section */
		10CFE2311CE21580004E3B93 /* Project object */ = {
			isa = PBXProject;
			attributes = {
				LastUpgradeCheck = 0720;
				ORGANIZATIONNAME = "marvin evins";
				TargetAttributes = {
					10CFE2381CE21580004E3B93 = {
						CreatedOnToolsVersion = 7.2.1;
					};
				};
			};
			buildConfigurationList = 10CFE2341CE21580004E3B93 /* Build configuration list for PBXProject "functionsObj_C" */;
			compatibilityVersion = "Xcode 3.2";
			developmentRegion = English;
			hasScannedForEncodings = 0;
			knownRegions = (
				en,
				Base,
			);
			mainGroup = 10CFE2301CE21580004E3B93;
			productRefGroup = 10CFE23A1CE21580004E3B93 /* Products */;
			projectDirPath = "";
			projectRoot = "";
			targets = (
				10CFE2381CE21580004E3B93 /* functionsObj_C */,
			);
		};
/* End PBXProject section */

/* Begin PBXResourcesBuildPhase section */
		10CFE2371CE21580004E3B93 /* Resources */ = {
			isa = PBXResourcesBuildPhase;
			buildActionMask = 2147483647;
			files = (
				10CFE24C1CE21580004E3B93 /* LaunchScreen.storyboard in Resources */,
				10CFE2491CE21580004E3B93 /* Assets.xcassets in Resources */,
				10CFE2471CE21580004E3B93 /* Main.storyboard in Resources */,
			);
			runOnlyForDeploymentPostprocessing = 0;
		};
/* End PBXResourcesBuildPhase section */

/* Begin PBXSourcesBuildPhase section */
		10CFE2351CE21580004E3B93 /* Sources */ = {
			isa = PBXSourcesBuildPhase;
			buildActionMask = 2147483647;
			files = (
				10CFE2441CE21580004E3B93 /* ViewController.m in Sources */,
				10CFE2411CE21580004E3B93 /* AppDelegate.m in Sources */,
				108675281CE4B39B0017CDF7 /* Person.m in Sources */,
				10CFE23E1CE21580004E3B93 /* main.m in Sources */,
			);
			runOnlyForDeploymentPostprocessing = 0;
		};
/* End PBXSourcesBuildPhase section */

/* Begin PBXVariantGroup section */
		10CFE2451CE21580004E3B93 /* Main.storyboard */ = {
			isa = PBXVariantGroup;
			children = (
				10CFE2461CE21580004E3B93 /* Base */,
			);
			name = Main.storyboard;
			sourceTree = "<group>";
		};
		10CFE24A1CE21580004E3B93 /* LaunchScreen.storyboard */ = {
			isa = PBXVariantGroup;
			children = (
				10CFE24B1CE21580004E3B93 /* Base */,
			);
			name = LaunchScreen.storyboard;
			sourceTree = "<group>";
		};
/* End PBXVariantGroup section */

/* Begin XCBuildConfiguration section */
		10CFE24E1CE21580004E3B93 /* Debug */ = {
			isa = XCBuildConfiguration;
			buildSettings = {
				ALWAYS_SEARCH_USER_PATHS = NO;
				CLANG_CXX_LANGUAGE_STANDARD = "gnu++0x";
				CLANG_CXX_LIBRARY = "libc++";
				CLANG_ENABLE_MODULES = YES;
				CLANG_ENABLE_OBJC_ARC = YES;
				CLANG_WARN_BOOL_CONVERSION = YES;
				CLANG_WARN_CONSTANT_CONVERSION = YES;
				CLANG_WARN_DIRECT_OBJC_ISA_USAGE = YES_ERROR;
				CLANG_WARN_EMPTY_BODY = YES;
				CLANG_WARN_ENUM_CONVERSION = YES;
				CLANG_WARN_INT_CONVERSION = YES;
				CLANG_WARN_OBJC_ROOT_CLASS = YES_ERROR;
				CLANG_WARN_UNREACHABLE_CODE = YES;
				CLANG_WARN__DUPLICATE_METHOD_MATCH = YES;
				"CODE_SIGN_IDENTITY[sdk=iphoneos*]" = "iPhone Developer";
				COPY_PHASE_STRIP = NO;
				DEBUG_INFORMATION_FORMAT = dwarf;
				ENABLE_STRICT_OBJC_MSGSEND = YES;
				ENABLE_TESTABILITY = YES;
				GCC_C_LANGUAGE_STANDARD = gnu99;
				GCC_DYNAMIC_NO_PIC = NO;
				GCC_NO_COMMON_BLOCKS = YES;
				GCC_OPTIMIZATION_LEVEL = 0;
				GCC_PREPROCESSOR_DEFINITIONS = (
					"DEBUG=1",
					"$(inherited)",
				);
				GCC_WARN_64_TO_32_BIT_CONVERSION = YES;
				GCC_WARN_ABOUT_RETURN_TYPE = YES_ERROR;
				GCC_WARN_UNDECLARED_SELECTOR = YES;
				GCC_WARN_UNINITIALIZED_AUTOS = YES_AGGRESSIVE;
				GCC_WARN_UNUSED_FUNCTION = YES;
				GCC_WARN_UNUSED_VARIABLE = YES;
				IPHONEOS_DEPLOYMENT_TARGET = 9.2;
				MTL_ENABLE_DEBUG_INFO = YES;
				ONLY_ACTIVE_ARCH = YES;
				SDKROOT = iphoneos;
				TARGETED_DEVICE_FAMILY = "1,2";
			};
			name = Debug;
		};
		10CFE24F1CE21580004E3B93 /* Release */ = {
			isa = XCBuildConfiguration;
			buildSettings = {
				ALWAYS_SEARCH_USER_PATHS = NO;
				CLANG_CXX_LANGUAGE_STANDARD = "gnu++0x";
				CLANG_CXX_LIBRARY = "libc++";
				CLANG_ENABLE_MODULES = YES;
				CLANG_ENABLE_OBJC_ARC = YES;
				CLANG_WARN_BOOL_CONVERSION = YES;
				CLANG_WARN_CONSTANT_CONVERSION = YES;
				CLANG_WARN_DIRECT_OBJC_ISA_USAGE = YES_ERROR;
				CLANG_WARN_EMPTY_BODY = YES;
				CLANG_WARN_ENUM_CONVERSION = YES;
				CLANG_WARN_INT_CONVERSION = YES;
				CLANG_WARN_OBJC_ROOT_CLASS = YES_ERROR;
				CLANG_WARN_UNREACHABLE_CODE = YES;
				CLANG_WARN__DUPLICATE_METHOD_MATCH = YES;
				"CODE_SIGN_IDENTITY[sdk=iphoneos*]" = "iPhone Developer";
				COPY_PHASE_STRIP = NO;
				DEBUG_INFORMATION_FORMAT = "dwarf-with-dsym";
				ENABLE_NS_ASSERTIONS = NO;
				ENABLE_STRICT_OBJC_MSGSEND = YES;
				GCC_C_LANGUAGE_STANDARD = gnu99;
				GCC_NO_COMMON_BLOCKS = YES;
				GCC_WARN_64_TO_32_BIT_CONVERSION = YES;
				GCC_WARN_ABOUT_RETURN_TYPE = YES_ERROR;
				GCC_WARN_UNDECLARED_SELECTOR = YES;
				GCC_WARN_UNINITIALIZED_AUTOS = YES_AGGRESSIVE;
				GCC_WARN_UNUSED_FUNCTION = YES;
				GCC_WARN_UNUSED_VARIABLE = YES;
				IPHONEOS_DEPLOYMENT_TARGET = 9.2;
				MTL_ENABLE_DEBUG_INFO = NO;
				SDKROOT = iphoneos;
				TARGETED_DEVICE_FAMILY = "1,2";
				VALIDATE_PRODUCT = YES;
			};
			name = Release;
		};
		10CFE2511CE21580004E3B93 /* Debug */ = {
			isa = XCBuildConfiguration;
			buildSettings = {
				ASSETCATALOG_COMPILER_APPICON_NAME = AppIcon;
				INFOPLIST_FILE = functionsObj_C/Info.plist;
				LD_RUNPATH_SEARCH_PATHS = "$(inherited) @executable_path/Frameworks";
				PRODUCT_BUNDLE_IDENTIFIER = "com.iOSavant.functionsObj-C";
				PRODUCT_NAME = "$(TARGET_NAME)";
			};
			name = Debug;
		};
		10CFE2521CE21580004E3B93 /* Release */ = {
			isa = XCBuildConfiguration;
			buildSettings = {
				ASSETCATALOG_COMPILER_APPICON_NAME = AppIcon;
				INFOPLIST_FILE = functionsObj_C/Info.plist;
				LD_RUNPATH_SEARCH_PATHS = "$(inherited) @executable_path/Frameworks";
				PRODUCT_BUNDLE_IDENTIFIER = "com.iOSavant.functionsObj-C";
				PRODUCT_NAME = "$(TARGET_NAME)";
			};
			name = Release;
		};
/* End XCBuildConfiguration section */

/* Begin XCConfigurationList section */
		10CFE2341CE21580004E3B93 /* Build configuration list for PBXProject "functionsObj_C" */ = {
			isa = XCConfigurationList;
			buildConfigurations = (
				10CFE24E1CE21580004E3B93 /* Debug */,
				10CFE24F1CE21580004E3B93 /* Release */,
			);
			defaultConfigurationIsVisible = 0;
			defaultConfigurationName = Release;
		};
		10CFE2501CE21580004E3B93 /* Build configuration list for PBXNativeTarget "functionsObj_C" */ = {
			isa = XCConfigurationList;
			buildConfigurations = (
				10CFE2511CE21580004E3B93 /* Debug */,
				10CFE2521CE21580004E3B93 /* Release */,
			);
			defaultConfigurationIsVisible = 0;
			defaultConfigurationName = Release;
		};
/* End XCConfigurationList section */
	};
	rootObject = 10CFE2311CE21580004E3B93 /* Project object */;
}
